lockfileVersion: '6.0'

settings:
  autoInstallPeers: true
  excludeLinksFromLockfile: false

devDependencies:
  '@types/node':
    specifier: ^20.6.2
    version: 20.6.2
  commander:
    specifier: ^11.0.0
    version: 11.0.0
  figlet:
    specifier: ^1.6.0
    version: 1.6.0

packages:

  /@types/node@20.6.2:
    resolution: {integrity: sha512-Y+/1vGBHV/cYk6OI1Na/LHzwnlNCAfU3ZNGrc1LdRe/LAIbdDPTTv/HU3M7yXN448aTVDq3eKRm2cg7iKLb8gw==}
    dev: true

  /commander@11.0.0:
    resolution: {integrity: sha512-9HMlXtt/BNoYr8ooyjjNRdIilOTkVJXB+GhxMTtOKwk0R4j4lS4NpjuqmRxroBfnfTSHQIHQB7wryHhXarNjmQ==}
    engines: {node: '>=16'}
    dev: true

  /figlet@1.6.0:
    resolution: {integrity: sha512-31EQGhCEITv6+hi2ORRPyn3bulaV9Fl4xOdR169cBzH/n1UqcxsiSB/noo6SJdD7Kfb1Ljit+IgR1USvF/XbdA==}
    engines: {node: '>= 0.4.0'}
    hasBin: true
    dev: true
